
Microsoft Visual Studio Solution File, Format Version 12.00
# Visual Studio Version 17
VisualStudioVersion = 17.10.34916.146
MinimumVisualStudioVersion = 10.0.40219.1
Project("{FAE04EC0-301F-11D3-BF4B-00C04F79EFBC}") = "AppWnForm", "AppWnForm\AppWnForm.csproj", "{520E9B1D-0889-4E10-88CE-41CCF418AB36}"
EndProject
Global
	GlobalSection(SolutionConfigurationPlatforms) = preSolution
		Debug|Any CPU = Debug|Any CPU
		Release|Any CPU = Release|Any CPU
	EndGlobalSection
	GlobalSection(ProjectConfigurationPlatforms) = postSolution
		{520E9B1D-0889-4E10-88CE-41CCF418AB36}.Debug|Any CPU.ActiveCfg = Debug|Any CPU
		{520E9B1D-0889-4E10-88CE-41CCF418AB36}.Debug|Any CPU.Build.0 = Debug|Any CPU
		{520E9B1D-0889-4E10-88CE-41CCF418AB36}.Release|Any CPU.ActiveCfg = Release|Any CPU
		{520E9B1D-0889-4E10-88CE-41CCF418AB36}.Release|Any CPU.Build.0 = Release|Any CPU
	EndGlobalSection
	GlobalSection(SolutionProperties) = preSolution
		HideSolutionNode = FALSE
	EndGlobalSection
	GlobalSection(ExtensibilityGlobals) = postSolution
		SolutionGuid = {28888811-C757-46AD-8325-BD7C0D898634}
	EndGlobalSection
EndGlobal
